github.com/alecthomas/assert/v2 v2.10.0/go.mod h1:Bze95FyfUr7x34QZrjL+XP+0qgp/zg8yS+TtBj1WA3k=
github.com/alecthomas/repr v0.4.0/go.mod h1:Fr0507jx4eOXV7AlPV6AVZLYrLIuIeSOWtW57eE/O/4=
github.com/barnex/fmath v0.0.0-20150108074215-ec9671f295c2/go.mod h1:G7XW+2O6Hk/x6OP8AuwZjI8ZTyXvKDTTKaRK92gapfk=
github.com/creack/pty v1.1.9/go.mod h1:oKZEueFk5CKHvIhNR5MUki03XCEU+Q6VDXinZuGJ33E=
github.com/davecgh/go-spew v1.1.0/go.mod h1:J7Y8YcW2NihsgmVo/mv3lAwl/skON4iLHjSsI+c5H38=
github.com/davecgh/go-spew v1.1.1 h1:vj9j/u1bqnvCEfJOwUhtlOARqs3+rkHYY13jYWTU97c=
github.com/davecgh/go-spew v1.1.1/go.mod h1:J7Y8YcW2NihsgmVo/mv3lAwl/skON4iLHjSsI+c5H38=
github.com/devork/geom v0.0.5/go.mod h1:8Wn8UNIJlX3waA51IiE8NHPWm1JFITeKJfxmYcK+hYg=
github.com/flywave/freetype v0.0.0-20260602141735-69677ccdff1d h1:ZCyOrFJ7A3EEaZogo7pLagPRHY15pEPoM6ieJZq1iwg=
github.com/flywave/freetype v0.0.0-20260602141735-69677ccdff1d/go.mod h1:s6YZKQun4SCBdwZpkvrEbup3bosWi9jIIB4GJBwPJEg=
github.com/flywave/go-cog v0.0.0-20250314092301-4673589220b8 h1:M6fOkwIhZk7ThJ8rVwYfgMWBenUKqAReCe38/fb9SuU=
github.com/flywave/go-cog v0.0.0-20250314092301-4673589220b8/go.mod h1:7UpOYo6IrrrlEY7dCqaYrlYFFQJ1NCOa59nLi6KcdIY=
github.com/flywave/go-pbf v0.0.0-20230306063816-5e5b0da27bbd h1:WbnDF3Mw2TrEkds/iMlBh4nayiFLKWyryo84NvWWI/U=
github.com/flywave/go-pbf v0.0.0-20230306063816-5e5b0da27bbd/go.mod h1:cfHFEG24/0hT2xCSLJb8rT/2WE8ieeIrbOJq1sql/fg=
github.com/flywave/go-tin v0.0.0-20250611104340-f25bca1483ad h1:adh+KKTXvdjei8qG3F9vrCZhtTaX/POK55I38LUVYh0=
github.com/flywave/go-tin v0.0.0-20250611104340-f25bca1483ad/go.mod h1:OFGBbky1hGhO30xl0I6IbUVdOPvjwo9qfi7zcH8fivo=
github.com/flywave/go3d v0.0.0-20210529142521-14eb5aca1290/go.mod h1:QbQZlarSgCPYFAmoTduiDUd4JCnolimXUswTAnSrFWY=
github.com/flywave/go3d v0.0.0-20211208020909-d2697502845a/go.mod h1:0/K6WtaMwhhVJb84xWStt+ALQl2EdvzW2oJqz+330GU=
github.com/flywave/go3d v0.0.0-20250314015505-bf0fda02e242/go.mod h1:bvblxPT+cF0zgDi71CuusPPWCwqU0SikE9ySl2NzeQw=
github.com/flywave/go3d v0.0.0-20250619003741-cab1a6ea6de6 h1:ARzvWQkEo1wmn0VTPN/qyrbQKcCRvbT3ACqn3rIb1p4=
github.com/flywave/go3d v0.0.0-20250619003741-cab1a6ea6de6/go.mod h1:bvblxPT+cF0zgDi71CuusPPWCwqU0SikE9ySl2NzeQw=
github.com/flywave/imaging v1.6.5 h1:4bPIylpgP2ZER3aYPAIhNUCDG8xz8fwCoBNpvk67cHs=
github.com/flywave/imaging v1.6.5/go.mod h1:bRCKaWaLAnzHVHN7PTZw71MxmNZlZ7T9l1Kvlg7+ytY=
github.com/flywave/webp v1.1.2 h1:fWdWHFwSF3Jkworrmr2ClJ/8gv4yeaDoCJrUxPnHa0E=
github.com/flywave/webp v1.1.2/go.mod h1:xWrv1dToLSxR2Q/RZbv3q5f1/SYhZxFvfgMtC8TANlU=
github.com/fogleman/gg v1.3.0/go.mod h1:R/bRT+9gY/C5z7JzPU0zXsXHKM4/ayA+zqcVNZzPa1k=
github.com/fsnotify/fsnotify v1.4.7/go.mod h1:jwhsz4b93w/PPRr/qN1Yymfu8t87LnFCMoQvtojpjFo=
github.com/go-courier/ptr v1.0.1 h1:Zrejr1YnNySgdz3qNVg6/0uGCWD/Odk3pj53sRSfvmY=
github.com/go-courier/ptr v1.0.1/go.mod h1:oBnPUcGul7WHILdX53pcWGzGUUJ4GoZ/YaDTnS2Fi/M=
github.com/go-courier/reflectx v1.3.4 h1:H5GD34mL2MlVU3cnrg/HiUhBfO+Ztorm4PHQFOvH60M=
github.com/go-courier/reflectx v1.3.4/go.mod h1:UP/ivAcgLD61WD44dpJlEudkcYN37Tlc5eL1e2E96SQ=
github.com/golang/freetype v0.0.0-20170609003504-e2365dfdc4a0/go.mod h1:E/TSTwGwJL78qG/PmXZO1EjYhfJinVAhrmmHX6Z8B9k=
github.com/golang/image v0.0.0-20190703141733-d6a02ce849c9 h1:ijbHThKv+QPsGeQnJ0/DiSrRLBR2QlQtRVcl1u2JhR8=
github.com/golang/image v0.0.0-20190703141733-d6a02ce849c9/go.mod h1:FeLwcggjj3mMvU+oOTbSwawSJRM1uh48EjtB4UJZlP0=
github.com/golang/protobuf v1.2.0/go.mod h1:6lQm79b+lXiMfvg/cZm0SGofjICqVBUtrP5yJMmIC1U=
github.com/google/tiff v0.0.0-20161109161721-4b31f3041d9a h1:Mi5lnNcpqYN2M2J52gy1uknSRhfA9BBAPVBd5XfHi+U=
github.com/google/tiff v0.0.0-20161109161721-4b31f3041d9a/go.mod h1:gpYY+jaYz1cbbiPKT9p2ReLdpBTvTRqoKwJ21LdEk+4=
github.com/hexops/gotextdiff v1.0.3/go.mod h1:pSWU5MAI3yDq+fZBTazCSJysOMbxWL1BSow5/V2vxeg=
github.com/hhrutter/lzw v0.0.0-20190829144645-6f07a24e8650 h1:1yY/RQWNSBjJe2GDCIYoLmpWVidrooriUr4QS/zaATQ=
github.com/hhrutter/lzw v0.0.0-20190829144645-6f07a24e8650/go.mod h1:yJBvOcu1wLQ9q9XZmfiPfur+3dQJuIhYQsMGLYcItZk=
github.com/hpcloud/tail v1.0.0/go.mod h1:ab1qPbhIpdTxEkNHXyeSf5vhxWSCs/tWer42PpOxQnU=
github.com/kr/pretty v0.1.0/go.mod h1:dAy3ld7l9f0ibDNOQOHHMYYIIbhfbHSm3C4ZsoJORNo=
github.com/kr/pretty v0.2.1/go.mod h1:ipq/a2n7PKx3OHsz4KJII5eveXtPO4qwEXGdVfWzfnI=
github.com/kr/pretty v0.3.0 h1:WgNl7dwNpEZ6jJ9k1snq4pZsg7DOEN8hP9Xw0Tsjwk0=
github.com/kr/pretty v0.3.0/go.mod h1:640gp4NfQd8pI5XOwp5fnNeVWj67G7CFk/SaSQn7NBk=
github.com/kr/pty v1.1.1/go.mod h1:pFQYn66WHrOpPYNljwOMqo10TkYh1fy3cYio2l3bCsQ=
github.com/kr/text v0.1.0/go.mod h1:4Jbv+DJW3UT/LiOwJeYQe1efqtUx/iVham/4vfdArNI=
github.com/kr/text v0.2.0 h1:5Nx0Ya0ZqY2ygV366QzturHI13Jq95ApcVaJBhpS+AY=
github.com/kr/text v0.2.0/go.mod h1:eLer722TekiGuMkidMxC/pM04lWEeraHUUmBw8l2grE=
github.com/mattn/go-sqlite3 v1.14.8 h1:gDp86IdQsN/xWjIEmr9MF6o9mpksUgh0fu+9ByFxzIU=
github.com/mattn/go-sqlite3 v1.14.8/go.mod h1:NyWgC/yNuGj7Q9rpYnZvas74GogHl5/Z4A/KQRfk6bU=
github.com/onsi/ginkgo v1.6.0/go.mod h1:lLunBs/Ym6LB5Z9jYTR76FiuTmxDTDusOGeTQH+WWjE=
github.com/onsi/gomega v1.9.0 h1:R1uwffexN6Pr340GtYRIdZmAiN4J+iw6WG4wog1DUXg=
github.com/onsi/gomega v1.9.0/go.mod h1:Ho0h+IUsWyvy1OpqCwxlQ/21gkhVunqlU8fDGcoTdcA=
github.com/paulmach/go.geojson v1.4.0 h1:5x5moCkCtDo5x8af62P9IOAYGQcYHtxz2QJ3x1DoCgY=
github.com/paulmach/go.geojson v1.4.0/go.mod h1:YaKx1hKpWF+T2oj2lFJPsW/t1Q5e1jQI61eoQSTwpIs=
github.com/pkg/diff v0.0.0-20210226163009-20ebb0f2a09e/go.mod h1:pJLUxLENpZxwdsKMEsNbx1VGcRFpLqf3715MtcvvzbA=
github.com/pkg/errors v0.9.1 h1:FEBLx1zS214owpjy7qsBeixbURkuhQAwrK5UwLGTwt4=
github.com/pkg/errors v0.9.1/go.mod h1:bwawxfHBFNV+L2hUp1rHADufV3IMtnDRdf1r5NINEl0=
github.com/pmezard/go-difflib v1.0.0 h1:4DBwDE0NGyQoBHbLQYPwSUPoCMWR5BEzIk/f1lZbAQM=
github.com/pmezard/go-difflib v1.0.0/go.mod h1:iKH77koFhYxTK1pcRnkKkqfTogsbg7gZNVY4sRDYZ/4=
github.com/rogpeppe/go-internal v1.6.1/go.mod h1:xXDCJY+GAPziupqXw64V24skbSoqbTEfhy4qGm1nDQc=
github.com/rogpeppe/go-internal v1.8.0 h1:FCbCCtXNOY3UtUuHUYaghJg4y7Fd14rXifAYUAtL9R8=
github.com/rogpeppe/go-internal v1.8.0/go.mod h1:WmiCO8CzOY8rg0OYDC4/i/2WRWAB6poM+XZ2dLUbcbE=
github.com/stretchr/objx v0.1.0/go.mod h1:HFkY916IF+rwdDfMAkV7OtwuqBVzrE8GR6GFx+wExME=
github.com/stretchr/objx v0.4.0/go.mod h1:YvHI0jy2hoMjB+UWwv71VJQ9isScKT/TqJzVSSt89Yw=
github.com/stretchr/objx v0.5.0/go.mod h1:Yh+to48EsGEfYuaHDzXPcE3xhTkx73EhmCGUpEOglKo=
github.com/stretchr/objx v0.5.2/go.mod h1:FRsXN1f5AsAjCGJKqEizvkpNtU+EGNCLh3NxZ/8L+MA=
github.com/stretchr/testify v1.7.1/go.mod h1:6Fq8oRcR53rry900zMqJjRRixrwX3KX962/h/Wwjteg=
github.com/stretchr/testify v1.8.0/go.mod h1:yNjHg4UonilssWZ8iaSj1OCr/vHnekPRkoO+kdMU+MU=
github.com/stretchr/testify v1.8.4/go.mod h1:sz/lmYIOXD/1dqDmKjjqLyZ2RngseejIcXlSw2iwfAo=
github.com/stretchr/testify v1.10.0 h1:Xv5erBjTwe/5IxqUQTdXv5kgmIvbHo3QQyRwhJsOfJA=
github.com/stretchr/testify v1.10.0/go.mod h1:r2ic/lqez/lEtzL7wO/rwa5dbSLXVDPFyf8C91i36aY=
github.com/twpayne/go-kml/v3 v3.3.0/go.mod h1:nlEGIr3NcZ5OP2Hv16oD6V9zo3gPVii5rde+0S5IQY8=
golang.org/x/net v0.0.0-20180906233101-161cd47e91fd h1:nTDtHvHSdCn1m6ITfMRqtOd/9+7a3s8RBNOZ3eYZzJA=
golang.org/x/net v0.0.0-20180906233101-161cd47e91fd/go.mod h1:mL1N/T3taQHkDXs73rZJwtUhF3w3ftmwwsq0BUmARs4=
golang.org/x/sync v0.0.0-20180314180146-1d60e4601c6f/go.mod h1:RxMgew5VJxzue5/jJTE5uejpjVlOe/izrB70Jof72aM=
golang.org/x/sys v0.0.0-20180909124046-d0be0721c37e/go.mod h1:STP8DvDyc/dI5b8T5hshtkjS+E42TnysNCUPdjciGhY=
golang.org/x/text v0.3.0 h1:g61tztE5qeGQ89tm6NTjjM9VPIm088od1l6aSorWRWg=
golang.org/x/text v0.3.0/go.mod h1:NqM8EUOU14njkJ3fqMW+pc6Ldnwhi/IjpwHt7yyuwOQ=
golang.org/x/xerrors v0.0.0-20190717185122-a985d3407aa7/go.mod h1:I/5z698sn9Ka8TeJc9MKroUUfqBBauWjQqLJ2OPfmY0=
golang.org/x/xerrors v0.0.0-20191204190536-9bdfabe68543 h1:E7g+9GITq07hpfrRu66IVDexMakfv52eLZ2CXBWiKr4=
golang.org/x/xerrors v0.0.0-20191204190536-9bdfabe68543/go.mod h1:I/5z698sn9Ka8TeJc9MKroUUfqBBauWjQqLJ2OPfmY0=
gopkg.in/check.v1 v0.0.0-20161208181325-20d25e280405/go.mod h1:Co6ibVJAznAaIkqp8huTwlJQCZ016jof/cbN4VW5Yz0=
gopkg.in/check.v1 v1.0.0-20180628173108-788fd7840127/go.mod h1:Co6ibVJAznAaIkqp8huTwlJQCZ016jof/cbN4VW5Yz0=
gopkg.in/check.v1 v1.0.0-20201130134442-10cb98267c6c h1:Hei/4ADfdWqJk1ZMxUNpqntNwaWcugrBjAiHlqqRiVk=
gopkg.in/check.v1 v1.0.0-20201130134442-10cb98267c6c/go.mod h1:JHkPIbrfpd72SG/EVd6muEfDQjcINNoR0C8j2r3qZ4Q=
gopkg.in/errgo.v2 v2.1.0/go.mod h1:hNsd1EY+bozCKY1Ytp96fpM3vjJbqLJn88ws8XvfDNI=
gopkg.in/fsnotify.v1 v1.4.7/go.mod h1:Tz8NjZHkW78fSQdbUxIjBTcgA1z1m8ZHf0WmKUhAMys=
gopkg.in/tomb.v1 v1.0.0-20141024135613-dd632973f1e7/go.mod h1:dt/ZhP58zS4L8KSrWDmTeBkI65Dw0HsyUHuEVlX15mw=
gopkg.in/yaml.v2 v2.2.4 h1:/eiJrUcujPVeJ3xlSWaiNi3uSVmDGBK1pDHUHAnao1I=
gopkg.in/yaml.v2 v2.2.4/go.mod h1:hI93XBmqTisBFMUTm0b8Fm+jr3Dg1NNxqwp+5A1VGuI=
gopkg.in/yaml.v3 v3.0.0-20200313102051-9f266ea9e77c/go.mod h1:K4uyk7z7BCEPqu6E+C64Yfv1cQ7kz7rIZviUmN+EgEM=
gopkg.in/yaml.v3 v3.0.1 h1:fxVm/GzAzEWqLHuvctI91KS9hhNmmWOoWu0XTYJS7CA=
gopkg.in/yaml.v3 v3.0.1/go.mod h1:K4uyk7z7BCEPqu6E+C64Yfv1cQ7kz7rIZviUmN+EgEM=
